{
  "name": "jewelleyy-main",
  "lockfileVersion": 3,
  "requires": true,
  "packages": {
    "": {
      "dependencies": {
        "opencode-ai": "^1.18.14"
      }
    },
    "node_modules/opencode-ai": {
      "version": "1.18.14",
      "resolved": "https://registry.npmjs.org/opencode-ai/-/opencode-ai-1.18.14.tgz",
      "integrity": "sha512-E5son8EQkh+cQ3bYkeGCOSNTcx8wmgsHBZ3bJjY0rOA84JaRb3VvqkfT41A8ChgEzwbSNe7uzEHDKqJOkNMynQ==",
      "cpu": [
        "arm64",
        "x64"
      ],
      "hasInstallScript": true,
      "license": "MIT",
      "os": [
        "darwin",
        "linux",
        "win32"
      ],
      "bin": {
        "opencode": "bin/opencode.exe"
      },
      "optionalDependencies": {
        "opencode-darwin-arm64": "1.18.14",
        "opencode-darwin-x64": "1.18.14",
        "opencode-darwin-x64-baseline": "1.18.14",
        "opencode-linux-arm64": "1.18.14",
        "opencode-linux-arm64-musl": "1.18.14",
        "opencode-linux-x64": "1.18.14",
        "opencode-linux-x64-baseline": "1.18.14",
        "opencode-linux-x64-baseline-musl": "1.18.14",
        "opencode-linux-x64-musl": "1.18.14",
        "opencode-windows-arm64": "1.18.14",
        "opencode-windows-x64": "1.18.14",
        "opencode-windows-x64-baseline": "1.18.14"
      }
    },
    "node_modules/opencode-darwin-arm64": {
      "version": "1.18.14",
      "resolved": "https://registry.npmjs.org/opencode-darwin-arm64/-/opencode-darwin-arm64-1.18.14.tgz",
      "integrity": "sha512-xlzzkkvIE5mnB/s9xYbrY+N7d4K4iFclNp6hT9YIWEOgfJSESkPhCrmfy3qMrAGV+Ufof+QaZPSCMyngt/741Q==",
      "cpu": [
        "arm64"
      ],
      "optional": true,
      "os": [
        "darwin"
      ]
    },
    "node_modules/opencode-darwin-x64": {
      "version": "1.18.14",
      "resolved": "https://registry.npmjs.org/opencode-darwin-x64/-/opencode-darwin-x64-1.18.14.tgz",
      "integrity": "sha512-HHPgOBWT3/1axMLU45z9p4g6STErwzSKJmH8w4h2RiFCii8F8cGCljZbFyLeWWQ1y3YHWl62r3ZFq1T69DasVg==",
      "cpu": [
        "x64"
      ],
      "optional": true,
      "os": [
        "darwin"
      ]
    },
    "node_modules/opencode-darwin-x64-baseline": {
      "version": "1.18.14",
      "resolved": "https://registry.npmjs.org/opencode-darwin-x64-baseline/-/opencode-darwin-x64-baseline-1.18.14.tgz",
      "integrity": "sha512-XE9hjQPztLrfcQsML0mi87rBrBii+BrK6HBz2cBCpCLRbDb0UtPX1YQqAPA4qCSZl6v6VEyolj6KvyjhGSpZUg==",
      "cpu": [
        "x64"
      ],
      "optional": true,
      "os": [
        "darwin"
      ]
    },
    "node_modules/opencode-linux-arm64": {
      "version": "1.18.14",
      "resolved": "https://registry.npmjs.org/opencode-linux-arm64/-/opencode-linux-arm64-1.18.14.tgz",
      "integrity": "sha512-LSILNOuBO5Lotcky2XcvpAVxj/abRcWynKdTcX1QX0+bVOCEsY/fb0tGUuJFafVzWsmjFS7QF3vyD9mnrMC7Qg==",
      "cpu": [
        "arm64"
      ],
      "optional": true,
      "os": [
        "linux"
      ]
    },
    "node_modules/opencode-linux-arm64-musl": {
      "version": "1.18.14",
      "resolved": "https://registry.npmjs.org/opencode-linux-arm64-musl/-/opencode-linux-arm64-musl-1.18.14.tgz",
      "integrity": "sha512-kc4c+jw97MLFkoLEnSSQjol9QbrHwYagk9IWSuH8GhF5dhJ5PtIT0ghQ3QT6PcWAxaUSh3aP3pt9hg6YRNVoow==",
      "cpu": [
        "arm64"
      ],
      "libc": [
        "musl"
      ],
      "optional": true,
      "os": [
        "linux"
      ]
    },
    "node_modules/opencode-linux-x64": {
      "version": "1.18.14",
      "resolved": "https://registry.npmjs.org/opencode-linux-x64/-/opencode-linux-x64-1.18.14.tgz",
      "integrity": "sha512-SMZj5jyOoOsZ6Cp2jD8hZbxRpw71OkyMDq02ZIfEFj/MxzX5xulIeC3XedFaATvAjKMlnfq5A9MFssExcrwegg==",
      "cpu": [
        "x64"
      ],
      "optional": true,
      "os": [
        "linux"
      ]
    },
    "node_modules/opencode-linux-x64-baseline": {
      "version": "1.18.14",
      "resolved": "https://registry.npmjs.org/opencode-linux-x64-baseline/-/opencode-linux-x64-baseline-1.18.14.tgz",
      "integrity": "sha512-80cqcKMNWS1PQb+g0fud6H/j+0+MNv8OzyQwDDm+ZphFZW5v/LnfzXtCiWyqxp+vJeqlWjIn+I2p/Qr8YhbugA==",
      "cpu": [
        "x64"
      ],
      "optional": true,
      "os": [
        "linux"
      ]
    },
    "node_modules/opencode-linux-x64-baseline-musl": {
      "version": "1.18.14",
      "resolved": "https://registry.npmjs.org/opencode-linux-x64-baseline-musl/-/opencode-linux-x64-baseline-musl-1.18.14.tgz",
      "integrity": "sha512-8cSbF24sqAtlHmW0ndtuGPlg2/hquyTpSOWlOtdgdFHPBrzRIwE2gq4U9Ce1fbPNNEy09r/ZsEDjYaVQuDeMkA==",
      "cpu": [
        "x64"
      ],
      "libc": [
        "musl"
      ],
      "optional": true,
      "os": [
        "linux"
      ]
    },
    "node_modules/opencode-linux-x64-musl": {
      "version": "1.18.14",
      "resolved": "https://registry.npmjs.org/opencode-linux-x64-musl/-/opencode-linux-x64-musl-1.18.14.tgz",
      "integrity": "sha512-PIJZzMMvfkweEl0S6ZE2SND9E8vZYz8jFIlTUmdioGl56tV3Z/dAsMhShC6/aBef61wxoGghQHo4/I4tqKQz4g==",
      "cpu": [
        "x64"
      ],
      "libc": [
        "musl"
      ],
      "optional": true,
      "os": [
        "linux"
      ]
    },
    "node_modules/opencode-windows-arm64": {
      "version": "1.18.14",
      "resolved": "https://registry.npmjs.org/opencode-windows-arm64/-/opencode-windows-arm64-1.18.14.tgz",
      "integrity": "sha512-lLf1fMhrBg0tdQOBvWGpwbMCXS+EEqAYdikhjGZz16SVMGAQNNemdPEvqi2M2BMEEUpvVneBS546TvXB+N52DA==",
      "cpu": [
        "arm64"
      ],
      "optional": true,
      "os": [
        "win32"
      ]
    },
    "node_modules/opencode-windows-x64": {
      "version": "1.18.14",
      "resolved": "https://registry.npmjs.org/opencode-windows-x64/-/opencode-windows-x64-1.18.14.tgz",
      "integrity": "sha512-hhsDHc4dZcuxSUi4yhGxzrFPdV6fCKNrQVp6nRzxcVstcIyJ3Xl+wKcxw5JagKOgpNFJ4mVoNh9lJ+7hrsKPZA==",
      "cpu": [
        "x64"
      ],
      "optional": true,
      "os": [
        "win32"
      ]
    },
    "node_modules/opencode-windows-x64-baseline": {
      "version": "1.18.14",
      "resolved": "https://registry.npmjs.org/opencode-windows-x64-baseline/-/opencode-windows-x64-baseline-1.18.14.tgz",
      "integrity": "sha512-39Y0oLPpzVBdyILqWnWHl15ruQpsMH7muI6IA/LIbJRwMaSimsMKt2v/ItefFXz3tRHqdxVTPf2RsYClyWBLng==",
      "cpu": [
        "x64"
      ],
      "optional": true,
      "os": [
        "win32"
      ]
    }
  }
}
